
Microsoft Visual Studio Solution File, Format Version 12.00
# Visual Studio Version 16
VisualStudioVersion = 16.0.31205.134
MinimumVisualStudioVersion = 10.0.40219.1
Project("{FAE04EC0-301F-11D3-BF4B-00C04F79EFBC}") = "CannonAI", "CannonAI\CannonAI.csproj", "{11080037-BCEF-474A-909A-83B0705DED0E}"
EndProject
Global
	GlobalSection(SolutionConfigurationPlatforms) = preSolution
		Debug|Any CPU = Debug|Any CPU
		Release|Any CPU = Release|Any CPU
	EndGlobalSection
	GlobalSection(ProjectConfigurationPlatforms) = postSolution
		{11080037-BCEF-474A-909A-83B0705DED0E}.Debug|Any CPU.ActiveCfg = Debug|Any CPU
		{11080037-BCEF-474A-909A-83B0705DED0E}.Debug|Any CPU.Build.0 = Debug|Any CPU
		{11080037-BCEF-474A-909A-83B0705DED0E}.Release|Any CPU.ActiveCfg = Release|Any CPU
		{11080037-BCEF-474A-909A-83B0705DED0E}.Release|Any CPU.Build.0 = Release|Any CPU
	EndGlobalSection
	GlobalSection(SolutionProperties) = preSolution
		HideSolutionNode = FALSE
	EndGlobalSection
	GlobalSection(ExtensibilityGlobals) = postSolution
		SolutionGuid = {89821EC0-2C65-4702-B25D-ADDD271D7D7C}
	EndGlobalSection
EndGlobal
